
Microsoft Visual Studio Solution File, Format Version 12.00
# Visual Studio Version 17
VisualStudioVersion = 17.11.35327.3
MinimumVisualStudioVersion = 10.0.40219.1
Project("{FAE04EC0-301F-11D3-BF4B-00C04F79EFBC}") = "TrafficSignalNET", "TrafficSignalNet\TrafficSignalNET.csproj", "{7A9455FA-16BB-4C7B-B4C1-26EF9D1397BD}"
EndProject
Project("{2150E333-8FDC-42A3-9474-1A3956D46DE8}") = "Data", "Data", "{E00E3236-EFBC-44B6-BC24-5A97ED3F0D5A}"
EndProject
Global
	GlobalSection(SolutionConfigurationPlatforms) = preSolution
		Debug|Any CPU = Debug|Any CPU
		Release|Any CPU = Release|Any CPU
	EndGlobalSection
	GlobalSection(ProjectConfigurationPlatforms) = postSolution
		{7A9455FA-16BB-4C7B-B4C1-26EF9D1397BD}.Debug|Any CPU.ActiveCfg = Debug|Any CPU
		{7A9455FA-16BB-4C7B-B4C1-26EF9D1397BD}.Debug|Any CPU.Build.0 = Debug|Any CPU
		{7A9455FA-16BB-4C7B-B4C1-26EF9D1397BD}.Release|Any CPU.ActiveCfg = Release|Any CPU
		{7A9455FA-16BB-4C7B-B4C1-26EF9D1397BD}.Release|Any CPU.Build.0 = Release|Any CPU
	EndGlobalSection
	GlobalSection(SolutionProperties) = preSolution
		HideSolutionNode = FALSE
	EndGlobalSection
	GlobalSection(ExtensibilityGlobals) = postSolution
		SolutionGuid = {6D0D034E-A969-4F6D-BA71-14A4CEB7A117}
	EndGlobalSection
EndGlobal
